// !$*UTF8*$!
{
	archiveVersion = 1;
	classes = {
	};
	objectVersion = 56;
	objects = {

/* Begin PBXBuildFile section */
		0C1AC9712A49A7D500912AAC /* CreateMeetScreenModel.swift in Sources */ = {isa = PBXBuildFile; fileRef = 0C1AC9702A49A7D400912AAC /* CreateMeetScreenModel.swift */; };
		0C1AC9732A49A85000912AAC /* CreateMeetScreenView.swift in Sources */ = {isa = PBXBuildFile; fileRef = 0C1AC9722A49A85000912AAC /* CreateMeetScreenView.swift */; };
		0C1AC9752A49A86900912AAC /* CreateMeetScreenViewModel.swift in Sources */ = {isa = PBXBuildFile; fileRef = 0C1AC9742A49A86900912AAC /* CreateMeetScreenViewModel.swift */; };
		0C1AC9962A4C06CF00912AAC /* TabBar.swift in Sources */ = {isa = PBXBuildFile; fileRef = 0C1AC9952A4C06CF00912AAC /* TabBar.swift */; };
		0C25A6F72A4D9A2D00E27F9D /* SearchScreenModel.swift in Sources */ = {isa = PBXBuildFile; fileRef = 0C25A6F62A4D9A2D00E27F9D /* SearchScreenModel.swift */; };
		0C25A6F92A4D9A4100E27F9D /* SearchScreenView.swift in Sources */ = {isa = PBXBuildFile; fileRef = 0C25A6F82A4D9A4100E27F9D /* SearchScreenView.swift */; };
		0C25A6FB2A4D9A5200E27F9D /* SearchScreenViewModel.swift in Sources */ = {isa = PBXBuildFile; fileRef = 0C25A6FA2A4D9A5200E27F9D /* SearchScreenViewModel.swift */; };
		0C7BCAAD2A3882A000920B61 /* LaunchScreen.storyboard in Resources */ = {isa = PBXBuildFile; fileRef = 0C7BCAAC2A3882A000920B61 /* LaunchScreen.storyboard */; };
		0C7D91542A4EFB9E0090F32B /* SearchScreenTwoModel.swift in Sources */ = {isa = PBXBuildFile; fileRef = 0C7D91532A4EFB9E0090F32B /* SearchScreenTwoModel.swift */; };
		0C7D91582A4EFC170090F32B /* SearchScreenTwoView.swift in Sources */ = {isa = PBXBuildFile; fileRef = 0C7D91572A4EFC170090F32B /* SearchScreenTwoView.swift */; };
		0C8A7FEE2A4F02D000C24BD9 /* SearchScreenTwoViewModel.swift in Sources */ = {isa = PBXBuildFile; fileRef = 0C8A7FED2A4F02D000C24BD9 /* SearchScreenTwoViewModel.swift */; };
		528F7FA82A405481006A3F79 /* KeyboardModifier.swift in Sources */ = {isa = PBXBuildFile; fileRef = 528F7FA72A405481006A3F79 /* KeyboardModifier.swift */; };
		528F7FAB2A4059AD006A3F79 /* ChatScreenViewModel.swift in Sources */ = {isa = PBXBuildFile; fileRef = 528F7FAA2A4059AD006A3F79 /* ChatScreenViewModel.swift */; };
		528F7FAD2A4059C2006A3F79 /* ChatScreenView.swift in Sources */ = {isa = PBXBuildFile; fileRef = 528F7FAC2A4059C2006A3F79 /* ChatScreenView.swift */; };
		528F7FAF2A4059CD006A3F79 /* ChatScreenModel.swift in Sources */ = {isa = PBXBuildFile; fileRef = 528F7FAE2A4059CD006A3F79 /* ChatScreenModel.swift */; };
		52A7039D2A37850600E65C16 /* LoginScreenViewModel.swift in Sources */ = {isa = PBXBuildFile; fileRef = 52A7039C2A37850600E65C16 /* LoginScreenViewModel.swift */; };
		52A7039F2A37851800E65C16 /* LoginScreenView.swift in Sources */ = {isa = PBXBuildFile; fileRef = 52A7039E2A37851800E65C16 /* LoginScreenView.swift */; };
		52A703A12A37852400E65C16 /* LoginScreenModel.swift in Sources */ = {isa = PBXBuildFile; fileRef = 52A703A02A37852400E65C16 /* LoginScreenModel.swift */; };
		52CD9A1B2A3B003E00C4727C /* AllChatsScreenViewModel.swift in Sources */ = {isa = PBXBuildFile; fileRef = 52CD9A1A2A3B003E00C4727C /* AllChatsScreenViewModel.swift */; };
		52CD9A1D2A3B004600C4727C /* AllChatsScreenView.swift in Sources */ = {isa = PBXBuildFile; fileRef = 52CD9A1C2A3B004600C4727C /* AllChatsScreenView.swift */; };
		52CD9A1F2A3B005000C4727C /* AllChatsScreenModel.swift in Sources */ = {isa = PBXBuildFile; fileRef = 52CD9A1E2A3B005000C4727C /* AllChatsScreenModel.swift */; };
		52CD9A232A3B0FE800C4727C /* SearchBarView.swift in Sources */ = {isa = PBXBuildFile; fileRef = 52CD9A222A3B0FE800C4727C /* SearchBarView.swift */; };
		52CD9A252A3B10DA00C4727C /* ChatPreviewView.swift in Sources */ = {isa = PBXBuildFile; fileRef = 52CD9A242A3B10DA00C4727C /* ChatPreviewView.swift */; };
		52D1DA3B2A377B84001E8AD6 /* PasswordRecoveryScreenViewModel.swift in Sources */ = {isa = PBXBuildFile; fileRef = 52D1DA3A2A377B84001E8AD6 /* PasswordRecoveryScreenViewModel.swift */; };
		52D1DA3D2A377B8C001E8AD6 /* PasswordRecoveryScreenView.swift in Sources */ = {isa = PBXBuildFile; fileRef = 52D1DA3C2A377B8C001E8AD6 /* PasswordRecoveryScreenView.swift */; };
		52D1DA3F2A377B9B001E8AD6 /* PasswordRecoveryScreenModel.swift in Sources */ = {isa = PBXBuildFile; fileRef = 52D1DA3E2A377B9B001E8AD6 /* PasswordRecoveryScreenModel.swift */; };
		5D44C65E2A3435B100DBE84D /* ConfirmPersonView.swift in Sources */ = {isa = PBXBuildFile; fileRef = 5D44C65D2A3435B100DBE84D /* ConfirmPersonView.swift */; };
		5D44C6602A3435C200DBE84D /* ConfirmPersonModel.swift in Sources */ = {isa = PBXBuildFile; fileRef = 5D44C65F2A3435C200DBE84D /* ConfirmPersonModel.swift */; };
		5D44C6622A3435D600DBE84D /* ConfirmPersonViewModel.swift in Sources */ = {isa = PBXBuildFile; fileRef = 5D44C6612A3435D600DBE84D /* ConfirmPersonViewModel.swift */; };
		5D5CAAB42A03A9C000E14945 /* TinDevApp.swift in Sources */ = {isa = PBXBuildFile; fileRef = 5D5CAAB32A03A9C000E14945 /* TinDevApp.swift */; };
		5D5CAAB82A03A9C100E14945 /* assets.xcassets in Resources */ = {isa = PBXBuildFile; fileRef = 5D5CAAB72A03A9C100E14945 /* assets.xcassets */; };
		5D5CAAC52A03A9C100E14945 /* TinDevTests.swift in Sources */ = {isa = PBXBuildFile; fileRef = 5D5CAAC42A03A9C100E14945 /* TinDevTests.swift */; };
		5D5CAACF2A03A9C100E14945 /* TinDevUITests.swift in Sources */ = {isa = PBXBuildFile; fileRef = 5D5CAACE2A03A9C100E14945 /* TinDevUITests.swift */; };
		5D5CAAD12A03A9C100E14945 /* TinDevUITestsLaunchTests.swift in Sources */ = {isa = PBXBuildFile; fileRef = 5D5CAAD02A03A9C100E14945 /* TinDevUITestsLaunchTests.swift */; };
		5D6173762A3B18EA00D84BF5 /* FiltersView.swift in Sources */ = {isa = PBXBuildFile; fileRef = 5D6173752A3B18EA00D84BF5 /* FiltersView.swift */; };
		5D6173792A3B191400D84BF5 /* FiltersModel.swift in Sources */ = {isa = PBXBuildFile; fileRef = 5D6173782A3B191400D84BF5 /* FiltersModel.swift */; };
		5D61737B2A3B192400D84BF5 /* FiltersViewModel.swift in Sources */ = {isa = PBXBuildFile; fileRef = 5D61737A2A3B192400D84BF5 /* FiltersViewModel.swift */; };
		5D61737D2A3C9A9100D84BF5 /* CategoryModel.swift in Sources */ = {isa = PBXBuildFile; fileRef = 5D61737C2A3C9A9000D84BF5 /* CategoryModel.swift */; };
		5D6173802A3C9AB700D84BF5 /* CategoryView.swift in Sources */ = {isa = PBXBuildFile; fileRef = 5D61737F2A3C9AB700D84BF5 /* CategoryView.swift */; };
		5D6173822A3C9AC800D84BF5 /* CategoryViewModel.swift in Sources */ = {isa = PBXBuildFile; fileRef = 5D6173812A3C9AC800D84BF5 /* CategoryViewModel.swift */; };
		5D6173842A3C9E6200D84BF5 /* CategoryCell.swift in Sources */ = {isa = PBXBuildFile; fileRef = 5D6173832A3C9E6200D84BF5 /* CategoryCell.swift */; };
		5DFBA9312A3075F8002AF39A /* RegistrationModel.swift in Sources */ = {isa = PBXBuildFile; fileRef = 5DFBA9302A3075F8002AF39A /* RegistrationModel.swift */; };
		5DFBA9332A307615002AF39A /* RegistrationView.swift in Sources */ = {isa = PBXBuildFile; fileRef = 5DFBA9322A307615002AF39A /* RegistrationView.swift */; };
		5DFBA9352A30762A002AF39A /* RegistrationViewModel.swift in Sources */ = {isa = PBXBuildFile; fileRef = 5DFBA9342A30762A002AF39A /* RegistrationViewModel.swift */; };
		5DFBA9382A307729002AF39A /* Pallete.swift in Sources */ = {isa = PBXBuildFile; fileRef = 5DFBA9372A307729002AF39A /* Pallete.swift */; };
		5DFBA93A2A30773D002AF39A /* Images.swift in Sources */ = {isa = PBXBuildFile; fileRef = 5DFBA9392A30773D002AF39A /* Images.swift */; };
		5DFBA93C2A307748002AF39A /* Localizable.swift in Sources */ = {isa = PBXBuildFile; fileRef = 5DFBA93B2A307747002AF39A /* Localizable.swift */; };
		5DFBA93E2A307B5D002AF39A /* Buttons.swift in Sources */ = {isa = PBXBuildFile; fileRef = 5DFBA93D2A307B5D002AF39A /* Buttons.swift */; };
		5DFBA9412A3084BE002AF39A /* View+Ext.swift in Sources */ = {isa = PBXBuildFile; fileRef = 5DFBA9402A3084BD002AF39A /* View+Ext.swift */; };
		5DFBA9432A3084D6002AF39A /* NetworkManager.swift in Sources */ = {isa = PBXBuildFile; fileRef = 5DFBA9422A3084D6002AF39A /* NetworkManager.swift */; };
		5DFBA9452A3084E9002AF39A /* AutorizationModel.swift in Sources */ = {isa = PBXBuildFile; fileRef = 5DFBA9442A3084E9002AF39A /* AutorizationModel.swift */; };
		5DFBA9472A30850A002AF39A /* AutorizationView.swift in Sources */ = {isa = PBXBuildFile; fileRef = 5DFBA9462A30850A002AF39A /* AutorizationView.swift */; };
		5DFBA9492A308520002AF39A /* AutorizationViewModel.swift in Sources */ = {isa = PBXBuildFile; fileRef = 5DFBA9482A308520002AF39A /* AutorizationViewModel.swift */; };
		5DFBA94B2A309148002AF39A /* CircleView.swift in Sources */ = {isa = PBXBuildFile; fileRef = 5DFBA94A2A309148002AF39A /* CircleView.swift */; };
		5DFBA94D2A30BD01002AF39A /* TextFieldStandart.swift in Sources */ = {isa = PBXBuildFile; fileRef = 5DFBA94C2A30BD01002AF39A /* TextFieldStandart.swift */; };
		5DFBA94F2A30E842002AF39A /* Fonts.swift in Sources */ = {isa = PBXBuildFile; fileRef = 5DFBA94E2A30E842002AF39A /* Fonts.swift */; };
		DA3738472A4DA11000AF038C /* HideTabBarModifier.swift in Sources */ = {isa = PBXBuildFile; fileRef = DA3738462A4DA11000AF038C /* HideTabBarModifier.swift */; };
/* End PBXBuildFile section */

/* Begin PBXContainerItemProxy section */
		5D5CAAC12A03A9C100E14945 /* PBXContainerItemProxy */ = {
			isa = PBXContainerItemProxy;
			containerPortal = 5D5CAAA82A03A9BF00E14945 /* Project object */;
			proxyType = 1;
			remoteGlobalIDString = 5D5CAAAF2A03A9C000E14945;
			remoteInfo = TinDev;
		};
		5D5CAACB2A03A9C100E14945 /* PBXContainerItemProxy */ = {
			isa = PBXContainerItemProxy;
			containerPortal = 5D5CAAA82A03A9BF00E14945 /* Project object */;
			proxyType = 1;
			remoteGlobalIDString = 5D5CAAAF2A03A9C000E14945;
			remoteInfo = TinDev;
		};
/* End PBXContainerItemProxy section */

/* Begin PBXFileReference section */
		0C1AC9702A49A7D400912AAC /* CreateMeetScreenModel.swift */ = {isa = PBXFileReference; lastKnownFileType = sourcecode.swift; path = CreateMeetScreenModel.swift; sourceTree = "<group>"; };
		0C1AC9722A49A85000912AAC /* CreateMeetScreenView.swift */ = {isa = PBXFileReference; lastKnownFileType = sourcecode.swift; path = CreateMeetScreenView.swift; sourceTree = "<group>"; };
		0C1AC9742A49A86900912AAC /* CreateMeetScreenViewModel.swift */ = {isa = PBXFileReference; lastKnownFileType = sourcecode.swift; path = CreateMeetScreenViewModel.swift; sourceTree = "<group>"; };
		0C1AC9952A4C06CF00912AAC /* TabBar.swift */ = {isa = PBXFileReference; lastKnownFileType = sourcecode.swift; path = TabBar.swift; sourceTree = "<group>"; };
		0C25A6F62A4D9A2D00E27F9D /* SearchScreenModel.swift */ = {isa = PBXFileReference; lastKnownFileType = sourcecode.swift; path = SearchScreenModel.swift; sourceTree = "<group>"; };
		0C25A6F82A4D9A4100E27F9D /* SearchScreenView.swift */ = {isa = PBXFileReference; lastKnownFileType = sourcecode.swift; path = SearchScreenView.swift; sourceTree = "<group>"; };
		0C25A6FA2A4D9A5200E27F9D /* SearchScreenViewModel.swift */ = {isa = PBXFileReference; lastKnownFileType = sourcecode.swift; path = SearchScreenViewModel.swift; sourceTree = "<group>"; };
		0C7BCAAC2A3882A000920B61 /* LaunchScreen.storyboard */ = {isa = PBXFileReference; lastKnownFileType = file.storyboard; path = LaunchScreen.storyboard; sourceTree = "<group>"; };
		0C7D91532A4EFB9E0090F32B /* SearchScreenTwoModel.swift */ = {isa = PBXFileReference; lastKnownFileType = sourcecode.swift; path = SearchScreenTwoModel.swift; sourceTree = "<group>"; };
		0C7D91572A4EFC170090F32B /* SearchScreenTwoView.swift */ = {isa = PBXFileReference; lastKnownFileType = sourcecode.swift; path = SearchScreenTwoView.swift; sourceTree = "<group>"; };
		0C8A7FED2A4F02D000C24BD9 /* SearchScreenTwoViewModel.swift */ = {isa = PBXFileReference; lastKnownFileType = sourcecode.swift; path = SearchScreenTwoViewModel.swift; sourceTree = "<group>"; };
		528F7FA72A405481006A3F79 /* KeyboardModifier.swift */ = {isa = PBXFileReference; lastKnownFileType = sourcecode.swift; path = KeyboardModifier.swift; sourceTree = "<group>"; };
		528F7FAA2A4059AD006A3F79 /* ChatScreenViewModel.swift */ = {isa = PBXFileReference; lastKnownFileType = sourcecode.swift; path = ChatScreenViewModel.swift; sourceTree = "<group>"; };
		528F7FAC2A4059C2006A3F79 /* ChatScreenView.swift */ = {isa = PBXFileReference; lastKnownFileType = sourcecode.swift; path = ChatScreenView.swift; sourceTree = "<group>"; };
		528F7FAE2A4059CD006A3F79 /* ChatScreenModel.swift */ = {isa = PBXFileReference; lastKnownFileType = sourcecode.swift; path = ChatScreenModel.swift; sourceTree = "<group>"; };
		52A7039C2A37850600E65C16 /* LoginScreenViewModel.swift */ = {isa = PBXFileReference; lastKnownFileType = sourcecode.swift; path = LoginScreenViewModel.swift; sourceTree = "<group>"; };
		52A7039E2A37851800E65C16 /* LoginScreenView.swift */ = {isa = PBXFileReference; lastKnownFileType = sourcecode.swift; path = LoginScreenView.swift; sourceTree = "<group>"; };
		52A703A02A37852400E65C16 /* LoginScreenModel.swift */ = {isa = PBXFileReference; lastKnownFileType = sourcecode.swift; path = LoginScreenModel.swift; sourceTree = "<group>"; };
		52CD9A1A2A3B003E00C4727C /* AllChatsScreenViewModel.swift */ = {isa = PBXFileReference; lastKnownFileType = sourcecode.swift; path = AllChatsScreenViewModel.swift; sourceTree = "<group>"; };
		52CD9A1C2A3B004600C4727C /* AllChatsScreenView.swift */ = {isa = PBXFileReference; lastKnownFileType = sourcecode.swift; path = AllChatsScreenView.swift; sourceTree = "<group>"; };
		52CD9A1E2A3B005000C4727C /* AllChatsScreenModel.swift */ = {isa = PBXFileReference; lastKnownFileType = sourcecode.swift; path = AllChatsScreenModel.swift; sourceTree = "<group>"; };
		52CD9A222A3B0FE800C4727C /* SearchBarView.swift */ = {isa = PBXFileReference; lastKnownFileType = sourcecode.swift; path = SearchBarView.swift; sourceTree = "<group>"; };
		52CD9A242A3B10DA00C4727C /* ChatPreviewView.swift */ = {isa = PBXFileReference; lastKnownFileType = sourcecode.swift; path = ChatPreviewView.swift; sourceTree = "<group>"; };
		52D1DA3A2A377B84001E8AD6 /* PasswordRecoveryScreenViewModel.swift */ = {isa = PBXFileReference; lastKnownFileType = sourcecode.swift; path = PasswordRecoveryScreenViewModel.swift; sourceTree = "<group>"; };
		52D1DA3C2A377B8C001E8AD6 /* PasswordRecoveryScreenView.swift */ = {isa = PBXFileReference; lastKnownFileType = sourcecode.swift; path = PasswordRecoveryScreenView.swift; sourceTree = "<group>"; };
		52D1DA3E2A377B9B001E8AD6 /* PasswordRecoveryScreenModel.swift */ = {isa = PBXFileReference; lastKnownFileType = sourcecode.swift; path = PasswordRecoveryScreenModel.swift; sourceTree = "<group>"; };
		5D44C65D2A3435B100DBE84D /* ConfirmPersonView.swift */ = {isa = PBXFileReference; lastKnownFileType = sourcecode.swift; path = ConfirmPersonView.swift; sourceTree = "<group>"; };
		5D44C65F2A3435C200DBE84D /* ConfirmPersonModel.swift */ = {isa = PBXFileReference; lastKnownFileType = sourcecode.swift; path = ConfirmPersonModel.swift; sourceTree = "<group>"; };
		5D44C6612A3435D600DBE84D /* ConfirmPersonViewModel.swift */ = {isa = PBXFileReference; lastKnownFileType = sourcecode.swift; path = ConfirmPersonViewModel.swift; sourceTree = "<group>"; };
		5D5CAAB02A03A9C000E14945 /* TinDev.app */ = {isa = PBXFileReference; explicitFileType = wrapper.application; includeInIndex = 0; path = TinDev.app; sourceTree = BUILT_PRODUCTS_DIR; };
		5D5CAAB32A03A9C000E14945 /* TinDevApp.swift */ = {isa = PBXFileReference; lastKnownFileType = sourcecode.swift; path = TinDevApp.swift; sourceTree = "<group>"; };
		5D5CAAB72A03A9C100E14945 /* assets.xcassets */ = {isa = PBXFileReference; lastKnownFileType = folder.assetcatalog; path = assets.xcassets; sourceTree = "<group>"; };
		5D5CAAC02A03A9C100E14945 /* TinDevTests.xctest */ = {isa = PBXFileReference; explicitFileType = wrapper.cfbundle; includeInIndex = 0; path = TinDevTests.xctest; sourceTree = BUILT_PRODUCTS_DIR; };
		5D5CAAC42A03A9C100E14945 /* TinDevTests.swift */ = {isa = PBXFileReference; lastKnownFileType = sourcecode.swift; path = TinDevTests.swift; sourceTree = "<group>"; };
		5D5CAACA2A03A9C100E14945 /* TinDevUITests.xctest */ = {isa = PBXFileReference; explicitFileType = wrapper.cfbundle; includeInIndex = 0; path = TinDevUITests.xctest; sourceTree = BUILT_PRODUCTS_DIR; };
		5D5CAACE2A03A9C100E14945 /* TinDevUITests.swift */ = {isa = PBXFileReference; lastKnownFileType = sourcecode.swift; path = TinDevUITests.swift; sourceTree = "<group>"; };
		5D5CAAD02A03A9C100E14945 /* TinDevUITestsLaunchTests.swift */ = {isa = PBXFileReference; lastKnownFileType = sourcecode.swift; path = TinDevUITestsLaunchTests.swift; sourceTree = "<group>"; };
		5D6173752A3B18EA00D84BF5 /* FiltersView.swift */ = {isa = PBXFileReference; lastKnownFileType = sourcecode.swift; path = FiltersView.swift; sourceTree = "<group>"; };
		5D6173782A3B191400D84BF5 /* FiltersModel.swift */ = {isa = PBXFileReference; lastKnownFileType = sourcecode.swift; path = FiltersModel.swift; sourceTree = "<group>"; };
		5D61737A2A3B192400D84BF5 /* FiltersViewModel.swift */ = {isa = PBXFileReference; lastKnownFileType = sourcecode.swift; path = FiltersViewModel.swift; sourceTree = "<group>"; };
		5D61737C2A3C9A9000D84BF5 /* CategoryModel.swift */ = {isa = PBXFileReference; lastKnownFileType = sourcecode.swift; path = CategoryModel.swift; sourceTree = "<group>"; };
		5D61737F2A3C9AB700D84BF5 /* CategoryView.swift */ = {isa = PBXFileReference; lastKnownFileType = sourcecode.swift; path = CategoryView.swift; sourceTree = "<group>"; };
		5D6173812A3C9AC800D84BF5 /* CategoryViewModel.swift */ = {isa = PBXFileReference; lastKnownFileType = sourcecode.swift; path = CategoryViewModel.swift; sourceTree = "<group>"; };
		5D6173832A3C9E6200D84BF5 /* CategoryCell.swift */ = {isa = PBXFileReference; lastKnownFileType = sourcecode.swift; path = CategoryCell.swift; sourceTree = "<group>"; };
		5DFBA9302A3075F8002AF39A /* RegistrationModel.swift */ = {isa = PBXFileReference; lastKnownFileType = sourcecode.swift; path = RegistrationModel.swift; sourceTree = "<group>"; };
		5DFBA9322A307615002AF39A /* RegistrationView.swift */ = {isa = PBXFileReference; lastKnownFileType = sourcecode.swift; path = RegistrationView.swift; sourceTree = "<group>"; };
		5DFBA9342A30762A002AF39A /* RegistrationViewModel.swift */ = {isa = PBXFileReference; lastKnownFileType = sourcecode.swift; path = RegistrationViewModel.swift; sourceTree = "<group>"; };
		5DFBA9372A307729002AF39A /* Pallete.swift */ = {isa = PBXFileReference; lastKnownFileType = sourcecode.swift; path = Pallete.swift; sourceTree = "<group>"; };
		5DFBA9392A30773D002AF39A /* Images.swift */ = {isa = PBXFileReference; lastKnownFileType = sourcecode.swift; path = Images.swift; sourceTree = "<group>"; };
		5DFBA93B2A307747002AF39A /* Localizable.swift */ = {isa = PBXFileReference; lastKnownFileType = sourcecode.swift; path = Localizable.swift; sourceTree = "<group>"; };
		5DFBA93D2A307B5D002AF39A /* Buttons.swift */ = {isa = PBXFileReference; lastKnownFileType = sourcecode.swift; path = Buttons.swift; sourceTree = "<group>"; };
		5DFBA9402A3084BD002AF39A /* View+Ext.swift */ = {isa = PBXFileReference; lastKnownFileType = sourcecode.swift; path = "View+Ext.swift"; sourceTree = "<group>"; };
		5DFBA9422A3084D6002AF39A /* NetworkManager.swift */ = {isa = PBXFileReference; lastKnownFileType = sourcecode.swift; path = NetworkManager.swift; sourceTree = "<group>"; };
		5DFBA9442A3084E9002AF39A /* AutorizationModel.swift */ = {isa = PBXFileReference; lastKnownFileType = sourcecode.swift; path = AutorizationModel.swift; sourceTree = "<group>"; };
		5DFBA9462A30850A002AF39A /* AutorizationView.swift */ = {isa = PBXFileReference; lastKnownFileType = sourcecode.swift; path = AutorizationView.swift; sourceTree = "<group>"; };
		5DFBA9482A308520002AF39A /* AutorizationViewModel.swift */ = {isa = PBXFileReference; lastKnownFileType = sourcecode.swift; path = AutorizationViewModel.swift; sourceTree = "<group>"; };
		5DFBA94A2A309148002AF39A /* CircleView.swift */ = {isa = PBXFileReference; lastKnownFileType = sourcecode.swift; path = CircleView.swift; sourceTree = "<group>"; };
		5DFBA94C2A30BD01002AF39A /* TextFieldStandart.swift */ = {isa = PBXFileReference; lastKnownFileType = sourcecode.swift; path = TextFieldStandart.swift; sourceTree = "<group>"; };
		5DFBA94E2A30E842002AF39A /* Fonts.swift */ = {isa = PBXFileReference; lastKnownFileType = sourcecode.swift; path = Fonts.swift; sourceTree = "<group>"; };
		DA3738462A4DA11000AF038C /* HideTabBarModifier.swift */ = {isa = PBXFileReference; lastKnownFileType = sourcecode.swift; path = HideTabBarModifier.swift; sourceTree = "<group>"; };
/* End PBXFileReference section */

/* Begin PBXFrameworksBuildPhase section */
		5D5CAAAD2A03A9C000E14945 /* Frameworks */ = {
			isa = PBXFrameworksBuildPhase;
			buildActionMask = 2147483647;
			files = (
			);
			runOnlyForDeploymentPostprocessing = 0;
		};
		5D5CAABD2A03A9C100E14945 /* Frameworks */ = {
			isa = PBXFrameworksBuildPhase;
			buildActionMask = 2147483647;
			files = (
			);
			runOnlyForDeploymentPostprocessing = 0;
		};
		5D5CAAC72A03A9C100E14945 /* Frameworks */ = {
			isa = PBXFrameworksBuildPhase;
			buildActionMask = 2147483647;
			files = (
			);
			runOnlyForDeploymentPostprocessing = 0;
		};
/* End PBXFrameworksBuildPhase section */

/* Begin PBXGroup section */
		0C1AC96F2A49A73900912AAC /* CreateMeetScreen */ = {
			isa = PBXGroup;
			children = (
				0C1AC9702A49A7D400912AAC /* CreateMeetScreenModel.swift */,
				0C1AC9722A49A85000912AAC /* CreateMeetScreenView.swift */,
				0C1AC9742A49A86900912AAC /* CreateMeetScreenViewModel.swift */,
			);
			path = CreateMeetScreen;
			sourceTree = "<group>";
		};
		0C513B1E2A4D5A2A0044AFF9 /* SearchScreen */ = {
			isa = PBXGroup;
			children = (
				0C25A6F62A4D9A2D00E27F9D /* SearchScreenModel.swift */,
				0C25A6F82A4D9A4100E27F9D /* SearchScreenView.swift */,
				0C25A6FA2A4D9A5200E27F9D /* SearchScreenViewModel.swift */,
			);
			path = SearchScreen;
			sourceTree = "<group>";
		};
		0C7D91522A4EFB320090F32B /* SearchScreenTwo */ = {
			isa = PBXGroup;
			children = (
				0C7D91532A4EFB9E0090F32B /* SearchScreenTwoModel.swift */,
				0C7D91572A4EFC170090F32B /* SearchScreenTwoView.swift */,
				0C8A7FED2A4F02D000C24BD9 /* SearchScreenTwoViewModel.swift */,
			);
			path = SearchScreenTwo;
			sourceTree = "<group>";
		};
		528F7FA92A40593C006A3F79 /* ChatScreen */ = {
			isa = PBXGroup;
			children = (
				528F7FAE2A4059CD006A3F79 /* ChatScreenModel.swift */,
				528F7FAC2A4059C2006A3F79 /* ChatScreenView.swift */,
				528F7FAA2A4059AD006A3F79 /* ChatScreenViewModel.swift */,
			);
			path = ChatScreen;
			sourceTree = "<group>";
		};
		52A7039B2A3784E200E65C16 /* LoginScreen */ = {
			isa = PBXGroup;
			children = (
				52A703A02A37852400E65C16 /* LoginScreenModel.swift */,
				52A7039E2A37851800E65C16 /* LoginScreenView.swift */,
				52A7039C2A37850600E65C16 /* LoginScreenViewModel.swift */,
			);
			name = LoginScreen;
			path = AutorizationScreen/LoginScreen;
			sourceTree = "<group>";
		};
		52CD9A192A3B000800C4727C /* AllChatsScreen */ = {
			isa = PBXGroup;
			children = (
				52CD9A1E2A3B005000C4727C /* AllChatsScreenModel.swift */,
				52CD9A1C2A3B004600C4727C /* AllChatsScreenView.swift */,
				52CD9A1A2A3B003E00C4727C /* AllChatsScreenViewModel.swift */,
			);
			path = AllChatsScreen;
			sourceTree = "<group>";
		};
		52D1DA392A377B4B001E8AD6 /* PasswordRecoveryScreen */ = {
			isa = PBXGroup;
			children = (
				52D1DA3E2A377B9B001E8AD6 /* PasswordRecoveryScreenModel.swift */,
				52D1DA3C2A377B8C001E8AD6 /* PasswordRecoveryScreenView.swift */,
				52D1DA3A2A377B84001E8AD6 /* PasswordRecoveryScreenViewModel.swift */,
			);
			path = PasswordRecoveryScreen;
			sourceTree = "<group>";
		};
		5D44C65C2A34358700DBE84D /* ConfirmPersonScreen */ = {
			isa = PBXGroup;
			children = (
				5D44C65F2A3435C200DBE84D /* ConfirmPersonModel.swift */,
				5D44C65D2A3435B100DBE84D /* ConfirmPersonView.swift */,
				5D44C6612A3435D600DBE84D /* ConfirmPersonViewModel.swift */,
			);
			name = ConfirmPersonScreen;
			sourceTree = "<group>";
		};
		5D5CAAA72A03A9BF00E14945 = {
			isa = PBXGroup;
			children = (
				5D5CAAB22A03A9C000E14945 /* TinDev */,
				5D5CAAC32A03A9C100E14945 /* TinDevTests */,
				5D5CAACD2A03A9C100E14945 /* TinDevUITests */,
				5D5CAAB12A03A9C000E14945 /* Products */,
			);
			sourceTree = "<group>";
		};
		5D5CAAB12A03A9C000E14945 /* Products */ = {
			isa = PBXGroup;
			children = (
				5D5CAAB02A03A9C000E14945 /* TinDev.app */,
				5D5CAAC02A03A9C100E14945 /* TinDevTests.xctest */,
				5D5CAACA2A03A9C100E14945 /* TinDevUITests.xctest */,
			);
			name = Products;
			sourceTree = "<group>";
		};
		5D5CAAB22A03A9C000E14945 /* TinDev */ = {
			isa = PBXGroup;
			children = (
				5D5CAAB32A03A9C000E14945 /* TinDevApp.swift */,
				5DF0DA7C2A307296000F3EFC /* Common */,
				5DF0DA862A3074D9000F3EFC /* PresentationLayer */,
				5DF0DA7F2A307314000F3EFC /* NetworkLayer */,
				5D5CAAB92A03A9C100E14945 /* Preview Content */,
			);
			path = TinDev;
			sourceTree = "<group>";
		};
		5D5CAAB92A03A9C100E14945 /* Preview Content */ = {
			isa = PBXGroup;
			children = (
				0C7BCAAC2A3882A000920B61 /* LaunchScreen.storyboard */,
			);
			path = "Preview Content";
			sourceTree = "<group>";
		};
		5D5CAAC32A03A9C100E14945 /* TinDevTests */ = {
			isa = PBXGroup;
			children = (
				5D5CAAC42A03A9C100E14945 /* TinDevTests.swift */,
			);
			path = TinDevTests;
			sourceTree = "<group>";
		};
		5D5CAACD2A03A9C100E14945 /* TinDevUITests */ = {
			isa = PBXGroup;
			children = (
				5D5CAACE2A03A9C100E14945 /* TinDevUITests.swift */,
				5D5CAAD02A03A9C100E14945 /* TinDevUITestsLaunchTests.swift */,
			);
			path = TinDevUITests;
			sourceTree = "<group>";
		};
		5D6173772A3B18F000D84BF5 /* FiltersScreen */ = {
			isa = PBXGroup;
			children = (
				5D6173782A3B191400D84BF5 /* FiltersModel.swift */,
				5D6173752A3B18EA00D84BF5 /* FiltersView.swift */,
				5D61737A2A3B192400D84BF5 /* FiltersViewModel.swift */,
			);
			path = FiltersScreen;
			sourceTree = "<group>";
		};
		5D61737E2A3C9A9500D84BF5 /* CategoryScreen */ = {
			isa = PBXGroup;
			children = (
				5D61737C2A3C9A9000D84BF5 /* CategoryModel.swift */,
				5D61737F2A3C9AB700D84BF5 /* CategoryView.swift */,
				5D6173812A3C9AC800D84BF5 /* CategoryViewModel.swift */,
			);
			path = CategoryScreen;
			sourceTree = "<group>";
		};
		5DF0DA762A306F35000F3EFC /* Modules */ = {
			isa = PBXGroup;
			children = (
				0C7D91522A4EFB320090F32B /* SearchScreenTwo */,
				0C513B1E2A4D5A2A0044AFF9 /* SearchScreen */,
				0C1AC96F2A49A73900912AAC /* CreateMeetScreen */,
				528F7FA92A40593C006A3F79 /* ChatScreen */,
				52CD9A192A3B000800C4727C /* AllChatsScreen */,
				5D44C65C2A34358700DBE84D /* ConfirmPersonScreen */,
				5DFBA9362A307632002AF39A /* RegistrationScreen */,
				5DF0DA772A306F6F000F3EFC /* AutorizationScreen */,
				52A7039B2A3784E200E65C16 /* LoginScreen */,
				52D1DA392A377B4B001E8AD6 /* PasswordRecoveryScreen */,
				5D6173772A3B18F000D84BF5 /* FiltersScreen */,
				5D61737E2A3C9A9500D84BF5 /* CategoryScreen */,
			);
			path = Modules;
			sourceTree = "<group>";
		};
		5DF0DA772A306F6F000F3EFC /* AutorizationScreen */ = {
			isa = PBXGroup;
			children = (
				5DFBA9442A3084E9002AF39A /* AutorizationModel.swift */,
				5DFBA9462A30850A002AF39A /* AutorizationView.swift */,
				5DFBA9482A308520002AF39A /* AutorizationViewModel.swift */,
			);
			path = AutorizationScreen;
			sourceTree = "<group>";
		};
		5DF0DA7C2A307296000F3EFC /* Common */ = {
			isa = PBXGroup;
			children = (
				5D5CAAB72A03A9C100E14945 /* assets.xcassets */,
				5DFBA9372A307729002AF39A /* Pallete.swift */,
				5DFBA94E2A30E842002AF39A /* Fonts.swift */,
				5DFBA9392A30773D002AF39A /* Images.swift */,
				5DFBA93B2A307747002AF39A /* Localizable.swift */,
				5DF0DA7D2A3072AF000F3EFC /* Extensions */,
			);
			name = Common;
			sourceTree = "<group>";
		};
		5DF0DA7D2A3072AF000F3EFC /* Extensions */ = {
			isa = PBXGroup;
			children = (
				5DFBA9402A3084BD002AF39A /* View+Ext.swift */,
				528F7FA72A405481006A3F79 /* KeyboardModifier.swift */,
				DA3738462A4DA11000AF038C /* HideTabBarModifier.swift */,
			);
			path = Extensions;
			sourceTree = "<group>";
		};
		5DF0DA7F2A307314000F3EFC /* NetworkLayer */ = {
			isa = PBXGroup;
			children = (
				5DFBA9422A3084D6002AF39A /* NetworkManager.swift */,
			);
			name = NetworkLayer;
			path = "Preview Content/Modules";
			sourceTree = "<group>";
		};
		5DF0DA862A3074D9000F3EFC /* PresentationLayer */ = {
			isa = PBXGroup;
			children = (
				5DFBA93F2A307B66002AF39A /* Components */,
				5DF0DA762A306F35000F3EFC /* Modules */,
			);
			path = PresentationLayer;
			sourceTree = "<group>";
		};
		5DFBA9362A307632002AF39A /* RegistrationScreen */ = {
			isa = PBXGroup;
			children = (
				5DFBA9302A3075F8002AF39A /* RegistrationModel.swift */,
				5DFBA9322A307615002AF39A /* RegistrationView.swift */,
				5DFBA9342A30762A002AF39A /* RegistrationViewModel.swift */,
			);
			path = RegistrationScreen;
			sourceTree = "<group>";
		};
		5DFBA93F2A307B66002AF39A /* Components */ = {
			isa = PBXGroup;
			children = (
				5DFBA93D2A307B5D002AF39A /* Buttons.swift */,
				5DFBA94A2A309148002AF39A /* CircleView.swift */,
				5DFBA94C2A30BD01002AF39A /* TextFieldStandart.swift */,
				52CD9A222A3B0FE800C4727C /* SearchBarView.swift */,
				52CD9A242A3B10DA00C4727C /* ChatPreviewView.swift */,
				5D6173832A3C9E6200D84BF5 /* CategoryCell.swift */,
				0C1AC9952A4C06CF00912AAC /* TabBar.swift */,
			);
			path = Components;
			sourceTree = "<group>";
		};
/* End PBXGroup section */

/* Begin PBXNativeTarget section */
		5D5CAAAF2A03A9C000E14945 /* TinDev */ = {
			isa = PBXNativeTarget;
			buildConfigurationList = 5D5CAAD42A03A9C100E14945 /* Build configuration list for PBXNativeTarget "TinDev" */;
			buildPhases = (
				5D5CAAAC2A03A9C000E14945 /* Sources */,
				5D5CAAAD2A03A9C000E14945 /* Frameworks */,
				5D5CAAAE2A03A9C000E14945 /* Resources */,
			);
			buildRules = (
			);
			dependencies = (
			);
			name = TinDev;
			productName = TinDev;
			productReference = 5D5CAAB02A03A9C000E14945 /* TinDev.app */;
			productType = "com.apple.product-type.application";
		};
		5D5CAABF2A03A9C100E14945 /* TinDevTests */ = {
			isa = PBXNativeTarget;
			buildConfigurationList = 5D5CAAD72A03A9C100E14945 /* Build configuration list for PBXNativeTarget "TinDevTests" */;
			buildPhases = (
				5D5CAABC2A03A9C100E14945 /* Sources */,
				5D5CAABD2A03A9C100E14945 /* Frameworks */,
				5D5CAABE2A03A9C100E14945 /* Resources */,
			);
			buildRules = (
			);
			dependencies = (
				5D5CAAC22A03A9C100E14945 /* PBXTargetDependency */,
			);
			name = TinDevTests;
			productName = TinDevTests;
			productReference = 5D5CAAC02A03A9C100E14945 /* TinDevTests.xctest */;
			productType = "com.apple.product-type.bundle.unit-test";
		};
		5D5CAAC92A03A9C100E14945 /* TinDevUITests */ = {
			isa = PBXNativeTarget;
			buildConfigurationList = 5D5CAADA2A03A9C100E14945 /* Build configuration list for PBXNativeTarget "TinDevUITests" */;
			buildPhases = (
				5D5CAAC62A03A9C100E14945 /* Sources */,
				5D5CAAC72A03A9C100E14945 /* Frameworks */,
				5D5CAAC82A03A9C100E14945 /* Resources */,
			);
			buildRules = (
			);
			dependencies = (
				5D5CAACC2A03A9C100E14945 /* PBXTargetDependency */,
			);
			name = TinDevUITests;
			productName = TinDevUITests;
			productReference = 5D5CAACA2A03A9C100E14945 /* TinDevUITests.xctest */;
			productType = "com.apple.product-type.bundle.ui-testing";
		};
/* End PBXNativeTarget section */

/* Begin PBXProject section */
		5D5CAAA82A03A9BF00E14945 /* Project object */ = {
			isa = PBXProject;
			attributes = {
				BuildIndependentTargetsInParallel = 1;
				LastSwiftUpdateCheck = 1420;
				LastUpgradeCheck = 1420;
				TargetAttributes = {
					5D5CAAAF2A03A9C000E14945 = {
						CreatedOnToolsVersion = 14.2;
					};
					5D5CAABF2A03A9C100E14945 = {
						CreatedOnToolsVersion = 14.2;
						TestTargetID = 5D5CAAAF2A03A9C000E14945;
					};
					5D5CAAC92A03A9C100E14945 = {
						CreatedOnToolsVersion = 14.2;
						TestTargetID = 5D5CAAAF2A03A9C000E14945;
					};
				};
			};
			buildConfigurationList = 5D5CAAAB2A03A9BF00E14945 /* Build configuration list for PBXProject "TinDev" */;
			compatibilityVersion = "Xcode 14.0";
			developmentRegion = en;
			hasScannedForEncodings = 0;
			knownRegions = (
				en,
				Base,
			);
			mainGroup = 5D5CAAA72A03A9BF00E14945;
			productRefGroup = 5D5CAAB12A03A9C000E14945 /* Products */;
			projectDirPath = "";
			projectRoot = "";
			targets = (
				5D5CAAAF2A03A9C000E14945 /* TinDev */,
				5D5CAABF2A03A9C100E14945 /* TinDevTests */,
				5D5CAAC92A03A9C100E14945 /* TinDevUITests */,
			);
		};
/* End PBXProject section */

/* Begin PBXResourcesBuildPhase section */
		5D5CAAAE2A03A9C000E14945 /* Resources */ = {
			isa = PBXResourcesBuildPhase;
			buildActionMask = 2147483647;
			files = (
				5D5CAAB82A03A9C100E14945 /* assets.xcassets in Resources */,
				0C7BCAAD2A3882A000920B61 /* LaunchScreen.storyboard in Resources */,
			);
			runOnlyForDeploymentPostprocessing = 0;
		};
		5D5CAABE2A03A9C100E14945 /* Resources */ = {
			isa = PBXResourcesBuildPhase;
			buildActionMask = 2147483647;
			files = (
			);
			runOnlyForDeploymentPostprocessing = 0;
		};
		5D5CAAC82A03A9C100E14945 /* Resources */ = {
			isa = PBXResourcesBuildPhase;
			buildActionMask = 2147483647;
			files = (
			);
			runOnlyForDeploymentPostprocessing = 0;
		};
/* End PBXResourcesBuildPhase section */

/* Begin PBXSourcesBuildPhase section */
		5D5CAAAC2A03A9C000E14945 /* Sources */ = {
			isa = PBXSourcesBuildPhase;
			buildActionMask = 2147483647;
			files = (
				5D6173762A3B18EA00D84BF5 /* FiltersView.swift in Sources */,
				5DFBA94F2A30E842002AF39A /* Fonts.swift in Sources */,
				5D6173842A3C9E6200D84BF5 /* CategoryCell.swift in Sources */,
				5D61737B2A3B192400D84BF5 /* FiltersViewModel.swift in Sources */,
				0C1AC9752A49A86900912AAC /* CreateMeetScreenViewModel.swift in Sources */,
				0C8A7FEE2A4F02D000C24BD9 /* SearchScreenTwoViewModel.swift in Sources */,
				5DFBA9412A3084BE002AF39A /* View+Ext.swift in Sources */,
				5DFBA9332A307615002AF39A /* RegistrationView.swift in Sources */,
				0C7D91542A4EFB9E0090F32B /* SearchScreenTwoModel.swift in Sources */,
				5D44C6622A3435D600DBE84D /* ConfirmPersonViewModel.swift in Sources */,
				52A7039F2A37851800E65C16 /* LoginScreenView.swift in Sources */,
				0C1AC9962A4C06CF00912AAC /* TabBar.swift in Sources */,
				5DFBA9452A3084E9002AF39A /* AutorizationModel.swift in Sources */,
				0C1AC9712A49A7D500912AAC /* CreateMeetScreenModel.swift in Sources */,
				DA3738472A4DA11000AF038C /* HideTabBarModifier.swift in Sources */,
				52CD9A1B2A3B003E00C4727C /* AllChatsScreenViewModel.swift in Sources */,
				528F7FAF2A4059CD006A3F79 /* ChatScreenModel.swift in Sources */,
				52A7039D2A37850600E65C16 /* LoginScreenViewModel.swift in Sources */,
				52D1DA3D2A377B8C001E8AD6 /* PasswordRecoveryScreenView.swift in Sources */,
				528F7FA82A405481006A3F79 /* KeyboardModifier.swift in Sources */,
				0C25A6FB2A4D9A5200E27F9D /* SearchScreenViewModel.swift in Sources */,
				528F7FA82A405481006A3F79 /* KeyboardModifier.swift in Sources */,
				5D6173792A3B191400D84BF5 /* FiltersModel.swift in Sources */,
				52CD9A1F2A3B005000C4727C /* AllChatsScreenModel.swift in Sources */,
				52CD9A232A3B0FE800C4727C /* SearchBarView.swift in Sources */,
				5DFBA9432A3084D6002AF39A /* NetworkManager.swift in Sources */,
				52D1DA3F2A377B9B001E8AD6 /* PasswordRecoveryScreenModel.swift in Sources */,
				0C25A6F92A4D9A4100E27F9D /* SearchScreenView.swift in Sources */,
				0C7D91582A4EFC170090F32B /* SearchScreenTwoView.swift in Sources */,
				0C25A6F72A4D9A2D00E27F9D /* SearchScreenModel.swift in Sources */,
				5D6173822A3C9AC800D84BF5 /* CategoryViewModel.swift in Sources */,
				52CD9A252A3B10DA00C4727C /* ChatPreviewView.swift in Sources */,
				5DFBA93E2A307B5D002AF39A /* Buttons.swift in Sources */,
				5DFBA93A2A30773D002AF39A /* Images.swift in Sources */,
				5DFBA9352A30762A002AF39A /* RegistrationViewModel.swift in Sources */,
				5DFBA9312A3075F8002AF39A /* RegistrationModel.swift in Sources */,
				5D61737D2A3C9A9100D84BF5 /* CategoryModel.swift in Sources */,
				52D1DA3B2A377B84001E8AD6 /* PasswordRecoveryScreenViewModel.swift in Sources */,
				5DFBA9382A307729002AF39A /* Pallete.swift in Sources */,
				5DFBA9472A30850A002AF39A /* AutorizationView.swift in Sources */,
				5D44C65E2A3435B100DBE84D /* ConfirmPersonView.swift in Sources */,
				5DFBA9492A308520002AF39A /* AutorizationViewModel.swift in Sources */,
				528F7FAD2A4059C2006A3F79 /* ChatScreenView.swift in Sources */,
				0C1AC9732A49A85000912AAC /* CreateMeetScreenView.swift in Sources */,
				5D5CAAB42A03A9C000E14945 /* TinDevApp.swift in Sources */,
				5DFBA94B2A309148002AF39A /* CircleView.swift in Sources */,
				5D6173802A3C9AB700D84BF5 /* CategoryView.swift in Sources */,
				528F7FAB2A4059AD006A3F79 /* ChatScreenViewModel.swift in Sources */,
				5D44C6602A3435C200DBE84D /* ConfirmPersonModel.swift in Sources */,
				52A703A12A37852400E65C16 /* LoginScreenModel.swift in Sources */,
				52CD9A1D2A3B004600C4727C /* AllChatsScreenView.swift in Sources */,
				5DFBA94D2A30BD01002AF39A /* TextFieldStandart.swift in Sources */,
				5DFBA93C2A307748002AF39A /* Localizable.swift in Sources */,
			);
			runOnlyForDeploymentPostprocessing = 0;
		};
		5D5CAABC2A03A9C100E14945 /* Sources */ = {
			isa = PBXSourcesBuildPhase;
			buildActionMask = 2147483647;
			files = (
				5D5CAAC52A03A9C100E14945 /* TinDevTests.swift in Sources */,
			);
			runOnlyForDeploymentPostprocessing = 0;
		};
		5D5CAAC62A03A9C100E14945 /* Sources */ = {
			isa = PBXSourcesBuildPhase;
			buildActionMask = 2147483647;
			files = (
				5D5CAAD12A03A9C100E14945 /* TinDevUITestsLaunchTests.swift in Sources */,
				5D5CAACF2A03A9C100E14945 /* TinDevUITests.swift in Sources */,
			);
			runOnlyForDeploymentPostprocessing = 0;
		};
/* End PBXSourcesBuildPhase section */

/* Begin PBXTargetDependency section */
		5D5CAAC22A03A9C100E14945 /* PBXTargetDependency */ = {
			isa = PBXTargetDependency;
			target = 5D5CAAAF2A03A9C000E14945 /* TinDev */;
			targetProxy = 5D5CAAC12A03A9C100E14945 /* PBXContainerItemProxy */;
		};
		5D5CAACC2A03A9C100E14945 /* PBXTargetDependency */ = {
			isa = PBXTargetDependency;
			target = 5D5CAAAF2A03A9C000E14945 /* TinDev */;
			targetProxy = 5D5CAACB2A03A9C100E14945 /* PBXContainerItemProxy */;
		};
/* End PBXTargetDependency section */

/* Begin XCBuildConfiguration section */
		5D5CAAD22A03A9C100E14945 /* Debug */ = {
			isa = XCBuildConfiguration;
			buildSettings = {
				ALWAYS_SEARCH_USER_PATHS = NO;
				CLANG_ANALYZER_NONNULL = YES;
				CLANG_ANALYZER_NUMBER_OBJECT_CONVERSION = YES_AGGRESSIVE;
				CLANG_CXX_LANGUAGE_STANDARD = "gnu++20";
				CLANG_ENABLE_MODULES = YES;
				CLANG_ENABLE_OBJC_ARC = YES;
				CLANG_ENABLE_OBJC_WEAK = YES;
				CLANG_WARN_BLOCK_CAPTURE_AUTORELEASING = YES;
				CLANG_WARN_BOOL_CONVERSION = YES;
				CLANG_WARN_COMMA = YES;
				CLANG_WARN_CONSTANT_CONVERSION = YES;
				CLANG_WARN_DEPRECATED_OBJC_IMPLEMENTATIONS = YES;
				CLANG_WARN_DIRECT_OBJC_ISA_USAGE = YES_ERROR;
				CLANG_WARN_DOCUMENTATION_COMMENTS = YES;
				CLANG_WARN_EMPTY_BODY = YES;
				CLANG_WARN_ENUM_CONVERSION = YES;
				CLANG_WARN_INFINITE_RECURSION = YES;
				CLANG_WARN_INT_CONVERSION = YES;
				CLANG_WARN_NON_LITERAL_NULL_CONVERSION = YES;
				CLANG_WARN_OBJC_IMPLICIT_RETAIN_SELF = YES;
				CLANG_WARN_OBJC_LITERAL_CONVERSION = YES;
				CLANG_WARN_OBJC_ROOT_CLASS = YES_ERROR;
				CLANG_WARN_QUOTED_INCLUDE_IN_FRAMEWORK_HEADER = YES;
				CLANG_WARN_RANGE_LOOP_ANALYSIS = YES;
				CLANG_WARN_STRICT_PROTOTYPES = YES;
				CLANG_WARN_SUSPICIOUS_MOVE = YES;
				CLANG_WARN_UNGUARDED_AVAILABILITY = YES_AGGRESSIVE;
				CLANG_WARN_UNREACHABLE_CODE = YES;
				CLANG_WARN__DUPLICATE_METHOD_MATCH = YES;
				COPY_PHASE_STRIP = NO;
				DEBUG_INFORMATION_FORMAT = dwarf;
				ENABLE_STRICT_OBJC_MSGSEND = YES;
				ENABLE_TESTABILITY = YES;
				GCC_C_LANGUAGE_STANDARD = gnu11;
				GCC_DYNAMIC_NO_PIC = NO;
				GCC_NO_COMMON_BLOCKS = YES;
				GCC_OPTIMIZATION_LEVEL = 0;
				GCC_PREPROCESSOR_DEFINITIONS = (
					"DEBUG=1",
					"$(inherited)",
				);
				GCC_WARN_64_TO_32_BIT_CONVERSION = YES;
				GCC_WARN_ABOUT_RETURN_TYPE = YES_ERROR;
				GCC_WARN_UNDECLARED_SELECTOR = YES;
				GCC_WARN_UNINITIALIZED_AUTOS = YES_AGGRESSIVE;
				GCC_WARN_UNUSED_FUNCTION = YES;
				GCC_WARN_UNUSED_VARIABLE = YES;
				INFOPLIST_KEY_UIUserInterfaceStyle = Light;
				IPHONEOS_DEPLOYMENT_TARGET = 16.2;
				MTL_ENABLE_DEBUG_INFO = INCLUDE_SOURCE;
				MTL_FAST_MATH = YES;
				ONLY_ACTIVE_ARCH = YES;
				SDKROOT = iphoneos;
				SWIFT_ACTIVE_COMPILATION_CONDITIONS = DEBUG;
				SWIFT_OPTIMIZATION_LEVEL = "-Onone";
			};
			name = Debug;
		};
		5D5CAAD32A03A9C100E14945 /* Release */ = {
			isa = XCBuildConfiguration;
			buildSettings = {
				ALWAYS_SEARCH_USER_PATHS = NO;
				CLANG_ANALYZER_NONNULL = YES;
				CLANG_ANALYZER_NUMBER_OBJECT_CONVERSION = YES_AGGRESSIVE;
				CLANG_CXX_LANGUAGE_STANDARD = "gnu++20";
				CLANG_ENABLE_MODULES = YES;
				CLANG_ENABLE_OBJC_ARC = YES;
				CLANG_ENABLE_OBJC_WEAK = YES;
				CLANG_WARN_BLOCK_CAPTURE_AUTORELEASING = YES;
				CLANG_WARN_BOOL_CONVERSION = YES;
				CLANG_WARN_COMMA = YES;
				CLANG_WARN_CONSTANT_CONVERSION = YES;
				CLANG_WARN_DEPRECATED_OBJC_IMPLEMENTATIONS = YES;
				CLANG_WARN_DIRECT_OBJC_ISA_USAGE = YES_ERROR;
				CLANG_WARN_DOCUMENTATION_COMMENTS = YES;
				CLANG_WARN_EMPTY_BODY = YES;
				CLANG_WARN_ENUM_CONVERSION = YES;
				CLANG_WARN_INFINITE_RECURSION = YES;
				CLANG_WARN_INT_CONVERSION = YES;
				CLANG_WARN_NON_LITERAL_NULL_CONVERSION = YES;
				CLANG_WARN_OBJC_IMPLICIT_RETAIN_SELF = YES;
				CLANG_WARN_OBJC_LITERAL_CONVERSION = YES;
				CLANG_WARN_OBJC_ROOT_CLASS = YES_ERROR;
				CLANG_WARN_QUOTED_INCLUDE_IN_FRAMEWORK_HEADER = YES;
				CLANG_WARN_RANGE_LOOP_ANALYSIS = YES;
				CLANG_WARN_STRICT_PROTOTYPES = YES;
				CLANG_WARN_SUSPICIOUS_MOVE = YES;
				CLANG_WARN_UNGUARDED_AVAILABILITY = YES_AGGRESSIVE;
				CLANG_WARN_UNREACHABLE_CODE = YES;
				CLANG_WARN__DUPLICATE_METHOD_MATCH = YES;
				COPY_PHASE_STRIP = NO;
				DEBUG_INFORMATION_FORMAT = "dwarf-with-dsym";
				ENABLE_NS_ASSERTIONS = NO;
				ENABLE_STRICT_OBJC_MSGSEND = YES;
				GCC_C_LANGUAGE_STANDARD = gnu11;
				GCC_NO_COMMON_BLOCKS = YES;
				GCC_WARN_64_TO_32_BIT_CONVERSION = YES;
				GCC_WARN_ABOUT_RETURN_TYPE = YES_ERROR;
				GCC_WARN_UNDECLARED_SELECTOR = YES;
				GCC_WARN_UNINITIALIZED_AUTOS = YES_AGGRESSIVE;
				GCC_WARN_UNUSED_FUNCTION = YES;
				GCC_WARN_UNUSED_VARIABLE = YES;
				INFOPLIST_KEY_UIUserInterfaceStyle = Light;
				IPHONEOS_DEPLOYMENT_TARGET = 16.2;
				MTL_ENABLE_DEBUG_INFO = NO;
				MTL_FAST_MATH = YES;
				SDKROOT = iphoneos;
				SWIFT_COMPILATION_MODE = wholemodule;
				SWIFT_OPTIMIZATION_LEVEL = "-O";
				VALIDATE_PRODUCT = YES;
			};
			name = Release;
		};
		5D5CAAD52A03A9C100E14945 /* Debug */ = {
			isa = XCBuildConfiguration;
			buildSettings = {
				ASSETCATALOG_COMPILER_APPICON_NAME = AppIcon;
				ASSETCATALOG_COMPILER_GLOBAL_ACCENT_COLOR_NAME = AccentColor;
				CODE_SIGN_STYLE = Automatic;
				CURRENT_PROJECT_VERSION = 1;
				DEVELOPMENT_ASSET_PATHS = "\"TinDev/Preview Content\"";
				DEVELOPMENT_TEAM = CS2G47Y936;
				ENABLE_PREVIEWS = YES;
				GENERATE_INFOPLIST_FILE = YES;
				INFOPLIST_KEY_UIApplicationSceneManifest_Generation = YES;
				INFOPLIST_KEY_UIApplicationSupportsIndirectInputEvents = YES;
				INFOPLIST_KEY_UILaunchStoryboardName = LaunchScreen.storyboard;
				INFOPLIST_KEY_UISupportedInterfaceOrientations_iPad = "UIInterfaceOrientationPortrait UIInterfaceOrientationPortraitUpsideDown UIInterfaceOrientationLandscapeLeft UIInterfaceOrientationLandscapeRight";
				INFOPLIST_KEY_UISupportedInterfaceOrientations_iPhone = "UIInterfaceOrientationPortrait UIInterfaceOrientationLandscapeLeft UIInterfaceOrientationLandscapeRight";
				INFOPLIST_KEY_UIUserInterfaceStyle = Light;
				IPHONEOS_DEPLOYMENT_TARGET = 15.0;
				LD_RUNPATH_SEARCH_PATHS = (
					"$(inherited)",
					"@executable_path/Frameworks",
				);
				MARKETING_VERSION = 1.0;
				PRODUCT_BUNDLE_IDENTIFIER = "-23.freewifi";
				PRODUCT_NAME = "$(TARGET_NAME)";
				SWIFT_EMIT_LOC_STRINGS = YES;
				SWIFT_VERSION = 5.0;
				TARGETED_DEVICE_FAMILY = "1,2";
			};
			name = Debug;
		};
		5D5CAAD62A03A9C100E14945 /* Release */ = {
			isa = XCBuildConfiguration;
			buildSettings = {
				ASSETCATALOG_COMPILER_APPICON_NAME = AppIcon;
				ASSETCATALOG_COMPILER_GLOBAL_ACCENT_COLOR_NAME = AccentColor;
				CODE_SIGN_STYLE = Manual;
				CURRENT_PROJECT_VERSION = 1;
				DEVELOPMENT_ASSET_PATHS = "\"TinDev/Preview Content\"";
				DEVELOPMENT_TEAM = "";
				ENABLE_PREVIEWS = YES;
				GENERATE_INFOPLIST_FILE = YES;
				INFOPLIST_KEY_UIApplicationSceneManifest_Generation = YES;
				INFOPLIST_KEY_UIApplicationSupportsIndirectInputEvents = YES;
				INFOPLIST_KEY_UILaunchStoryboardName = LaunchScreen.storyboard;
				INFOPLIST_KEY_UISupportedInterfaceOrientations_iPad = "UIInterfaceOrientationPortrait UIInterfaceOrientationPortraitUpsideDown UIInterfaceOrientationLandscapeLeft UIInterfaceOrientationLandscapeRight";
				INFOPLIST_KEY_UISupportedInterfaceOrientations_iPhone = "UIInterfaceOrientationPortrait UIInterfaceOrientationLandscapeLeft UIInterfaceOrientationLandscapeRight";
				INFOPLIST_KEY_UIUserInterfaceStyle = Light;
				IPHONEOS_DEPLOYMENT_TARGET = 15.0;
				LD_RUNPATH_SEARCH_PATHS = (
					"$(inherited)",
					"@executable_path/Frameworks",
				);
				MARKETING_VERSION = 1.0;
				PRODUCT_BUNDLE_IDENTIFIER = "-23.TinDev";
				PRODUCT_NAME = "$(TARGET_NAME)";
				PROVISIONING_PROFILE_SPECIFIER = "";
				SWIFT_EMIT_LOC_STRINGS = YES;
				SWIFT_VERSION = 5.0;
				TARGETED_DEVICE_FAMILY = "1,2";
			};
			name = Release;
		};
		5D5CAAD82A03A9C100E14945 /* Debug */ = {
			isa = XCBuildConfiguration;
			buildSettings = {
				ALWAYS_EMBED_SWIFT_STANDARD_LIBRARIES = YES;
				BUNDLE_LOADER = "$(TEST_HOST)";
				CODE_SIGN_STYLE = Automatic;
				CURRENT_PROJECT_VERSION = 1;
				DEVELOPMENT_TEAM = YM5258CN94;
				GENERATE_INFOPLIST_FILE = YES;
				IPHONEOS_DEPLOYMENT_TARGET = 16.2;
				MARKETING_VERSION = 1.0;
				PRODUCT_BUNDLE_IDENTIFIER = "-23.TinDevTests";
				PRODUCT_NAME = "$(TARGET_NAME)";
				SWIFT_EMIT_LOC_STRINGS = NO;
				SWIFT_VERSION = 5.0;
				TARGETED_DEVICE_FAMILY = "1,2";
				TEST_HOST = "$(BUILT_PRODUCTS_DIR)/TinDev.app/$(BUNDLE_EXECUTABLE_FOLDER_PATH)/TinDev";
			};
			name = Debug;
		};
		5D5CAAD92A03A9C100E14945 /* Release */ = {
			isa = XCBuildConfiguration;
			buildSettings = {
				ALWAYS_EMBED_SWIFT_STANDARD_LIBRARIES = YES;
				BUNDLE_LOADER = "$(TEST_HOST)";
				CODE_SIGN_STYLE = Automatic;
				CURRENT_PROJECT_VERSION = 1;
				DEVELOPMENT_TEAM = YM5258CN94;
				GENERATE_INFOPLIST_FILE = YES;
				IPHONEOS_DEPLOYMENT_TARGET = 16.2;
				MARKETING_VERSION = 1.0;
				PRODUCT_BUNDLE_IDENTIFIER = "-23.TinDevTests";
				PRODUCT_NAME = "$(TARGET_NAME)";
				SWIFT_EMIT_LOC_STRINGS = NO;
				SWIFT_VERSION = 5.0;
				TARGETED_DEVICE_FAMILY = "1,2";
				TEST_HOST = "$(BUILT_PRODUCTS_DIR)/TinDev.app/$(BUNDLE_EXECUTABLE_FOLDER_PATH)/TinDev";
			};
			name = Release;
		};
		5D5CAADB2A03A9C100E14945 /* Debug */ = {
			isa = XCBuildConfiguration;
			buildSettings = {
				ALWAYS_EMBED_SWIFT_STANDARD_LIBRARIES = YES;
				CODE_SIGN_STYLE = Automatic;
				CURRENT_PROJECT_VERSION = 1;
				DEVELOPMENT_TEAM = YM5258CN94;
				GENERATE_INFOPLIST_FILE = YES;
				MARKETING_VERSION = 1.0;
				PRODUCT_BUNDLE_IDENTIFIER = "-23.TinDevUITests";
				PRODUCT_NAME = "$(TARGET_NAME)";
				SWIFT_EMIT_LOC_STRINGS = NO;
				SWIFT_VERSION = 5.0;
				TARGETED_DEVICE_FAMILY = "1,2";
				TEST_TARGET_NAME = TinDev;
			};
			name = Debug;
		};
		5D5CAADC2A03A9C100E14945 /* Release */ = {
			isa = XCBuildConfiguration;
			buildSettings = {
				ALWAYS_EMBED_SWIFT_STANDARD_LIBRARIES = YES;
				CODE_SIGN_STYLE = Automatic;
				CURRENT_PROJECT_VERSION = 1;
				DEVELOPMENT_TEAM = YM5258CN94;
				GENERATE_INFOPLIST_FILE = YES;
				MARKETING_VERSION = 1.0;
				PRODUCT_BUNDLE_IDENTIFIER = "-23.TinDevUITests";
				PRODUCT_NAME = "$(TARGET_NAME)";
				SWIFT_EMIT_LOC_STRINGS = NO;
				SWIFT_VERSION = 5.0;
				TARGETED_DEVICE_FAMILY = "1,2";
				TEST_TARGET_NAME = TinDev;
			};
			name = Release;
		};
/* End XCBuildConfiguration section */

/* Begin XCConfigurationList section */
		5D5CAAAB2A03A9BF00E14945 /* Build configuration list for PBXProject "TinDev" */ = {
			isa = XCConfigurationList;
			buildConfigurations = (
				5D5CAAD22A03A9C100E14945 /* Debug */,
				5D5CAAD32A03A9C100E14945 /* Release */,
			);
			defaultConfigurationIsVisible = 0;
			defaultConfigurationName = Release;
		};
		5D5CAAD42A03A9C100E14945 /* Build configuration list for PBXNativeTarget "TinDev" */ = {
			isa = XCConfigurationList;
			buildConfigurations = (
				5D5CAAD52A03A9C100E14945 /* Debug */,
				5D5CAAD62A03A9C100E14945 /* Release */,
			);
			defaultConfigurationIsVisible = 0;
			defaultConfigurationName = Release;
		};
		5D5CAAD72A03A9C100E14945 /* Build configuration list for PBXNativeTarget "TinDevTests" */ = {
			isa = XCConfigurationList;
			buildConfigurations = (
				5D5CAAD82A03A9C100E14945 /* Debug */,
				5D5CAAD92A03A9C100E14945 /* Release */,
			);
			defaultConfigurationIsVisible = 0;
			defaultConfigurationName = Release;
		};
		5D5CAADA2A03A9C100E14945 /* Build configuration list for PBXNativeTarget "TinDevUITests" */ = {
			isa = XCConfigurationList;
			buildConfigurations = (
				5D5CAADB2A03A9C100E14945 /* Debug */,
				5D5CAADC2A03A9C100E14945 /* Release */,
			);
			defaultConfigurationIsVisible = 0;
			defaultConfigurationName = Release;
		};
/* End XCConfigurationList section */
	};
	rootObject = 5D5CAAA82A03A9BF00E14945 /* Project object */;
}
